
Microsoft Visual Studio Solution File, Format Version 12.00
# Visual Studio Version 17
VisualStudioVersion = 17.0.31903.59
MinimumVisualStudioVersion = 10.0.40219.1
Project("{FAE04EC0-301F-11D3-BF4B-00C04F79EFBC}") = "API", "API\API.csproj", "{BECA8743-B7EC-46E9-BEBD-1CC3D3190702}"
EndProject
Project("{FAE04EC0-301F-11D3-BF4B-00C04F79EFBC}") = "Core", "Core\Core.csproj", "{FDE2ED26-6958-46E2-BCBD-653737C4BCA9}"
EndProject
Project("{FAE04EC0-301F-11D3-BF4B-00C04F79EFBC}") = "Infrastructure", "Infrastructure\Infrastructure.csproj", "{F8872919-4E0A-44DE-90AC-C80AA879F7D2}"
EndProject
Global
	GlobalSection(SolutionConfigurationPlatforms) = preSolution
		Debug|Any CPU = Debug|Any CPU
		Release|Any CPU = Release|Any CPU
	EndGlobalSection
	GlobalSection(SolutionProperties) = preSolution
		HideSolutionNode = FALSE
	EndGlobalSection
	GlobalSection(ProjectConfigurationPlatforms) = postSolution
		{BECA8743-B7EC-46E9-BEBD-1CC3D3190702}.Debug|Any CPU.ActiveCfg = Debug|Any CPU
		{BECA8743-B7EC-46E9-BEBD-1CC3D3190702}.Debug|Any CPU.Build.0 = Debug|Any CPU
		{BECA8743-B7EC-46E9-BEBD-1CC3D3190702}.Release|Any CPU.ActiveCfg = Release|Any CPU
		{BECA8743-B7EC-46E9-BEBD-1CC3D3190702}.Release|Any CPU.Build.0 = Release|Any CPU
		{FDE2ED26-6958-46E2-BCBD-653737C4BCA9}.Debug|Any CPU.ActiveCfg = Debug|Any CPU
		{FDE2ED26-6958-46E2-BCBD-653737C4BCA9}.Debug|Any CPU.Build.0 = Debug|Any CPU
		{FDE2ED26-6958-46E2-BCBD-653737C4BCA9}.Release|Any CPU.ActiveCfg = Release|Any CPU
		{FDE2ED26-6958-46E2-BCBD-653737C4BCA9}.Release|Any CPU.Build.0 = Release|Any CPU
		{F8872919-4E0A-44DE-90AC-C80AA879F7D2}.Debug|Any CPU.ActiveCfg = Debug|Any CPU
		{F8872919-4E0A-44DE-90AC-C80AA879F7D2}.Debug|Any CPU.Build.0 = Debug|Any CPU
		{F8872919-4E0A-44DE-90AC-C80AA879F7D2}.Release|Any CPU.ActiveCfg = Release|Any CPU
		{F8872919-4E0A-44DE-90AC-C80AA879F7D2}.Release|Any CPU.Build.0 = Release|Any CPU
	EndGlobalSection
EndGlobal
